// !$*UTF8*$!
{
	archiveVersion = 1;
	classes = {
	};
	objectVersion = 50;
	objects = {

/* Begin PBXBuildFile section */
		B1CA008920CF6A8D003E32A2 /* AppDelegate.swift in Sources */ = {isa = PBXBuildFile; fileRef = B1CA008820CF6A8D003E32A2 /* AppDelegate.swift */; };
		B1CA008B20CF6A8D003E32A2 /* ViewController.swift in Sources */ = {isa = PBXBuildFile; fileRef = B1CA008A20CF6A8D003E32A2 /* ViewController.swift */; };
		B1CA008E20CF6A8D003E32A2 /* Main.storyboard in Resources */ = {isa = PBXBuildFile; fileRef = B1CA008C20CF6A8D003E32A2 /* Main.storyboard */; };
		B1CA009020CF6A8F003E32A2 /* Assets.xcassets in Resources */ = {isa = PBXBuildFile; fileRef = B1CA008F20CF6A8F003E32A2 /* Assets.xcassets */; };
		B1CA009320CF6A8F003E32A2 /* LaunchScreen.storyboard in Resources */ = {isa = PBXBuildFile; fileRef = B1CA009120CF6A8F003E32A2 /* LaunchScreen.storyboard */; };
		B1CA009E20CF6A8F003E32A2 /* TableViewProjectTests.swift in Sources */ = {isa = PBXBuildFile; fileRef = B1CA009D20CF6A8F003E32A2 /* TableViewProjectTests.swift */; };
		B1CA00A920CF6A8F003E32A2 /* TableViewProjectUITests.swift in Sources */ = {isa = PBXBuildFile; fileRef = B1CA00A820CF6A8F003E32A2 /* TableViewProjectUITests.swift */; };
/* End PBXBuildFile section */

/* Begin PBXContainerItemProxy section */
		B1CA009A20CF6A8F003E32A2 /* PBXContainerItemProxy */ = {
			isa = PBXContainerItemProxy;
			containerPortal = B1CA007D20CF6A8D003E32A2 /* Project object */;
			proxyType = 1;
			remoteGlobalIDString = B1CA008420CF6A8D003E32A2;
			remoteInfo = TableViewProject;
		};
		B1CA00A520CF6A8F003E32A2 /* PBXContainerItemProxy */ = {
			isa = PBXContainerItemProxy;
			containerPortal = B1CA007D20CF6A8D003E32A2 /* Project object */;
			proxyType = 1;
			remoteGlobalIDString = B1CA008420CF6A8D003E32A2;
			remoteInfo = TableViewProject;
		};
/* End PBXContainerItemProxy section */

/* Begin PBXFileReference section */
		B1CA008520CF6A8D003E32A2 /* TableViewProject.app */ = {isa = PBXFileReference; explicitFileType = wrapper.application; includeInIndex = 0; path = TableViewProject.app; sourceTree = BUILT_PRODUCTS_DIR; };
		B1CA008820CF6A8D003E32A2 /* AppDelegate.swift */ = {isa = PBXFileReference; lastKnownFileType = sourcecode.swift; path = AppDelegate.swift; sourceTree = "<group>"; };
		B1CA008A20CF6A8D003E32A2 /* ViewController.swift */ = {isa = PBXFileReference; lastKnownFileType = sourcecode.swift; path = ViewController.swift; sourceTree = "<group>"; };
		B1CA008D20CF6A8D003E32A2 /* Base */ = {isa = PBXFileReference; lastKnownFileType = file.storyboard; name = Base; path = Base.lproj/Main.storyboard; sourceTree = "<group>"; };
		B1CA008F20CF6A8F003E32A2 /* Assets.xcassets */ = {isa = PBXFileReference; lastKnownFileType = folder.assetcatalog; path = Assets.xcassets; sourceTree = "<group>"; };
		B1CA009220CF6A8F003E32A2 /* Base */ = {isa = PBXFileReference; lastKnownFileType = file.storyboard; name = Base; path = Base.lproj/LaunchScreen.storyboard; sourceTree = "<group>"; };
		B1CA009420CF6A8F003E32A2 /* Info.plist */ = {isa = PBXFileReference; lastKnownFileType = text.plist.xml; path = Info.plist; sourceTree = "<group>"; };
		B1CA009920CF6A8F003E32A2 /* TableViewProjectTests.xctest */ = {isa = PBXFileReference; explicitFileType = wrapper.cfbundle; includeInIndex = 0; path = TableViewProjectTests.xctest; sourceTree = BUILT_PRODUCTS_DIR; };
		B1CA009D20CF6A8F003E32A2 /* TableViewProjectTests.swift */ = {isa = PBXFileReference; lastKnownFileType = sourcecode.swift; path = TableViewProjectTests.swift; sourceTree = "<group>"; };
		B1CA009F20CF6A8F003E32A2 /* Info.plist */ = {isa = PBXFileReference; lastKnownFileType = text.plist.xml; path = Info.plist; sourceTree = "<group>"; };
		B1CA00A420CF6A8F003E32A2 /* TableViewProjectUITests.xctest */ = {isa = PBXFileReference; explicitFileType = wrapper.cfbundle; includeInIndex = 0; path = TableViewProjectUITests.xctest; sourceTree = BUILT_PRODUCTS_DIR; };
		B1CA00A820CF6A8F003E32A2 /* TableViewProjectUITests.swift */ = {isa = PBXFileReference; lastKnownFileType = sourcecode.swift; path = TableViewProjectUITests.swift; sourceTree = "<group>"; };
		B1CA00AA20CF6A8F003E32A2 /* Info.plist */ = {isa = PBXFileReference; lastKnownFileType = text.plist.xml; path = Info.plist; sourceTree = "<group>"; };
/* End PBXFileReference section */

/* Begin PBXFrameworksBuildPhase section */
		B1CA008220CF6A8D003E32A2 /* Frameworks */ = {
			isa = PBXFrameworksBuildPhase;
			buildActionMask = 2147483647;
			files = (
			);
			runOnlyForDeploymentPostprocessing = 0;
		};
		B1CA009620CF6A8F003E32A2 /* Frameworks */ = {
			isa = PBXFrameworksBuildPhase;
			buildActionMask = 2147483647;
			files = (
			);
			runOnlyForDeploymentPostprocessing = 0;
		};
		B1CA00A120CF6A8F003E32A2 /* Frameworks */ = {
			isa = PBXFrameworksBuildPhase;
			buildActionMask = 2147483647;
			files = (
			);
			runOnlyForDeploymentPostprocessing = 0;
		};
/* End PBXFrameworksBuildPhase section */

/* Begin PBXGroup section */
		B1CA007C20CF6A8D003E32A2 = {
			isa = PBXGroup;
			children = (
				B1CA008720CF6A8D003E32A2 /* TableViewProject */,
				B1CA009C20CF6A8F003E32A2 /* TableViewProjectTests */,
				B1CA00A720CF6A8F003E32A2 /* TableViewProjectUITests */,
				B1CA008620CF6A8D003E32A2 /* Products */,
			);
			sourceTree = "<group>";
		};
		B1CA008620CF6A8D003E32A2 /* Products */ = {
			isa = PBXGroup;
			children = (
				B1CA008520CF6A8D003E32A2 /* TableViewProject.app */,
				B1CA009920CF6A8F003E32A2 /* TableViewProjectTests.xctest */,
				B1CA00A420CF6A8F003E32A2 /* TableViewProjectUITests.xctest */,
			);
			name = Products;
			sourceTree = "<group>";
		};
		B1CA008720CF6A8D003E32A2 /* TableViewProject */ = {
			isa = PBXGroup;
			children = (
				B1CA008820CF6A8D003E32A2 /* AppDelegate.swift */,
				B1CA008A20CF6A8D003E32A2 /* ViewController.swift */,
				B1CA008C20CF6A8D003E32A2 /* Main.storyboard */,
				B1CA008F20CF6A8F003E32A2 /* Assets.xcassets */,
				B1CA009120CF6A8F003E32A2 /* LaunchScreen.storyboard */,
				B1CA009420CF6A8F003E32A2 /* Info.plist */,
			);
			path = TableViewProject;
			sourceTree = "<group>";
		};
		B1CA009C20CF6A8F003E32A2 /* TableViewProjectTests */ = {
			isa = PBXGroup;
			children = (
				B1CA009D20CF6A8F003E32A2 /* TableViewProjectTests.swift */,
				B1CA009F20CF6A8F003E32A2 /* Info.plist */,
			);
			path = TableViewProjectTests;
			sourceTree = "<group>";
		};
		B1CA00A720CF6A8F003E32A2 /* TableViewProjectUITests */ = {
			isa = PBXGroup;
			children = (
				B1CA00A820CF6A8F003E32A2 /* TableViewProjectUITests.swift */,
				B1CA00AA20CF6A8F003E32A2 /* Info.plist */,
			);
			path = TableViewProjectUITests;
			sourceTree = "<group>";
		};
/* End PBXGroup section */

/* Begin PBXNativeTarget section */
		B1CA008420CF6A8D003E32A2 /* TableViewProject */ = {
			isa = PBXNativeTarget;
			buildConfigurationList = B1CA00AD20CF6A8F003E32A2 /* Build configuration list for PBXNativeTarget "TableViewProject" */;
			buildPhases = (
				B1CA008120CF6A8D003E32A2 /* Sources */,
				B1CA008220CF6A8D003E32A2 /* Frameworks */,
				B1CA008320CF6A8D003E32A2 /* Resources */,
			);
			buildRules = (
			);
			dependencies = (
			);
			name = TableViewProject;
			productName = TableViewProject;
			productReference = B1CA008520CF6A8D003E32A2 /* TableViewProject.app */;
			productType = "com.apple.product-type.application";
		};
		B1CA009820CF6A8F003E32A2 /* TableViewProjectTests */ = {
			isa = PBXNativeTarget;
			buildConfigurationList = B1CA00B020CF6A8F003E32A2 /* Build configuration list for PBXNativeTarget "TableViewProjectTests" */;
			buildPhases = (
				B1CA009520CF6A8F003E32A2 /* Sources */,
				B1CA009620CF6A8F003E32A2 /* Frameworks */,
				B1CA009720CF6A8F003E32A2 /* Resources */,
			);
			buildRules = (
			);
			dependencies = (
				B1CA009B20CF6A8F003E32A2 /* PBXTargetDependency */,
			);
			name = TableViewProjectTests;
			productName = TableViewProjectTests;
			productReference = B1CA009920CF6A8F003E32A2 /* TableViewProjectTests.xctest */;
			productType = "com.apple.product-type.bundle.unit-test";
		};
		B1CA00A320CF6A8F003E32A2 /* TableViewProjectUITests */ = {
			isa = PBXNativeTarget;
			buildConfigurationList = B1CA00B320CF6A8F003E32A2 /* Build configuration list for PBXNativeTarget "TableViewProjectUITests" */;
			buildPhases = (
				B1CA00A020CF6A8F003E32A2 /* Sources */,
				B1CA00A120CF6A8F003E32A2 /* Frameworks */,
				B1CA00A220CF6A8F003E32A2 /* Resources */,
			);
			buildRules = (
			);
			dependencies = (
				B1CA00A620CF6A8F003E32A2 /* PBXTargetDependency */,
			);
			name = TableViewProjectUITests;
			productName = TableViewProjectUITests;
			productReference = B1CA00A420CF6A8F003E32A2 /* TableViewProjectUITests.xctest */;
			productType = "com.apple.product-type.bundle.ui-testing";
		};
/* End PBXNativeTarget section */

/* Begin PBXProject section */
		B1CA007D20CF6A8D003E32A2 /* Project object */ = {
			isa = PBXProject;
			attributes = {
				LastSwiftUpdateCheck = 0930;
				LastUpgradeCheck = 0930;
				ORGANIZATIONNAME = "Jack Simmons";
				TargetAttributes = {
					B1CA008420CF6A8D003E32A2 = {
						CreatedOnToolsVersion = 9.3.1;
					};
					B1CA009820CF6A8F003E32A2 = {
						CreatedOnToolsVersion = 9.3.1;
						TestTargetID = B1CA008420CF6A8D003E32A2;
					};
					B1CA00A320CF6A8F003E32A2 = {
						CreatedOnToolsVersion = 9.3.1;
						TestTargetID = B1CA008420CF6A8D003E32A2;
					};
				};
			};
			buildConfigurationList = B1CA008020CF6A8D003E32A2 /* Build configuration list for PBXProject "TableViewProject" */;
			compatibilityVersion = "Xcode 9.3";
			developmentRegion = en;
			hasScannedForEncodings = 0;
			knownRegions = (
				en,
				Base,
			);
			mainGroup = B1CA007C20CF6A8D003E32A2;
			productRefGroup = B1CA008620CF6A8D003E32A2 /* Products */;
			projectDirPath = "";
			projectRoot = "";
			targets = (
				B1CA008420CF6A8D003E32A2 /* TableViewProject */,
				B1CA009820CF6A8F003E32A2 /* TableViewProjectTests */,
				B1CA00A320CF6A8F003E32A2 /* TableViewProjectUITests */,
			);
		};
/* End PBXProject section */

/* Begin PBXResourcesBuildPhase section */
		B1CA008320CF6A8D003E32A2 /* Resources */ = {
			isa = PBXResourcesBuildPhase;
			buildActionMask = 2147483647;
			files = (
				B1CA009320CF6A8F003E32A2 /* LaunchScreen.storyboard in Resources */,
				B1CA009020CF6A8F003E32A2 /* Assets.xcassets in Resources */,
				B1CA008E20CF6A8D003E32A2 /* Main.storyboard in Resources */,
			);
			runOnlyForDeploymentPostprocessing = 0;
		};
		B1CA009720CF6A8F003E32A2 /* Resources */ = {
			isa = PBXResourcesBuildPhase;
			buildActionMask = 2147483647;
			files = (
			);
			runOnlyForDeploymentPostprocessing = 0;
		};
		B1CA00A220CF6A8F003E32A2 /* Resources */ = {
			isa = PBXResourcesBuildPhase;
			buildActionMask = 2147483647;
			files = (
			);
			runOnlyForDeploymentPostprocessing = 0;
		};
/* End PBXResourcesBuildPhase section */

/* Begin PBXSourcesBuildPhase section */
		B1CA008120CF6A8D003E32A2 /* Sources */ = {
			isa = PBXSourcesBuildPhase;
			buildActionMask = 2147483647;
			files = (
				B1CA008B20CF6A8D003E32A2 /* ViewController.swift in Sources */,
				B1CA008920CF6A8D003E32A2 /* AppDelegate.swift in Sources */,
			);
			runOnlyForDeploymentPostprocessing = 0;
		};
		B1CA009520CF6A8F003E32A2 /* Sources */ = {
			isa = PBXSourcesBuildPhase;
			buildActionMask = 2147483647;
			files = (
				B1CA009E20CF6A8F003E32A2 /* TableViewProjectTests.swift in Sources */,
			);
			runOnlyForDeploymentPostprocessing = 0;
		};
		B1CA00A020CF6A8F003E32A2 /* Sources */ = {
			isa = PBXSourcesBuildPhase;
			buildActionMask = 2147483647;
			files = (
				B1CA00A920CF6A8F003E32A2 /* TableViewProjectUITests.swift in Sources */,
			);
			runOnlyForDeploymentPostprocessing = 0;
		};
/* End PBXSourcesBuildPhase section */

/* Begin PBXTargetDependency section */
		B1CA009B20CF6A8F003E32A2 /* PBXTargetDependency */ = {
			isa = PBXTargetDependency;
			target = B1CA008420CF6A8D003E32A2 /* TableViewProject */;
			targetProxy = B1CA009A20CF6A8F003E32A2 /* PBXContainerItemProxy */;
		};
		B1CA00A620CF6A8F003E32A2 /* PBXTargetDependency */ = {
			isa = PBXTargetDependency;
			target = B1CA008420CF6A8D003E32A2 /* TableViewProject */;
			targetProxy = B1CA00A520CF6A8F003E32A2 /* PBXContainerItemProxy */;
		};
/* End PBXTargetDependency section */

/* Begin PBXVariantGroup section */
		B1CA008C20CF6A8D003E32A2 /* Main.storyboard */ = {
			isa = PBXVariantGroup;
			children = (
				B1CA008D20CF6A8D003E32A2 /* Base */,
			);
			name = Main.storyboard;
			sourceTree = "<group>";
		};
		B1CA009120CF6A8F003E32A2 /* LaunchScreen.storyboard */ = {
			isa = PBXVariantGroup;
			children = (
				B1CA009220CF6A8F003E32A2 /* Base */,
			);
			name = LaunchScreen.storyboard;
			sourceTree = "<group>";
		};
/* End PBXVariantGroup section */

/* Begin XCBuildConfiguration section */
		B1CA00AB20CF6A8F003E32A2 /* Debug */ = {
			isa = XCBuildConfiguration;
			buildSettings = {
				ALWAYS_SEARCH_USER_PATHS = NO;
				CLANG_ANALYZER_NONNULL = YES;
				CLANG_ANALYZER_NUMBER_OBJECT_CONVERSION = YES_AGGRESSIVE;
				CLANG_CXX_LANGUAGE_STANDARD = "gnu++14";
				CLANG_CXX_LIBRARY = "libc++";
				CLANG_ENABLE_MODULES = YES;
				CLANG_ENABLE_OBJC_ARC = YES;
				CLANG_ENABLE_OBJC_WEAK = YES;
				CLANG_WARN_BLOCK_CAPTURE_AUTORELEASING = YES;
				CLANG_WARN_BOOL_CONVERSION = YES;
				CLANG_WARN_COMMA = YES;
				CLANG_WARN_CONSTANT_CONVERSION = YES;
				CLANG_WARN_DEPRECATED_OBJC_IMPLEMENTATIONS = YES;
				CLANG_WARN_DIRECT_OBJC_ISA_USAGE = YES_ERROR;
				CLANG_WARN_DOCUMENTATION_COMMENTS = YES;
				CLANG_WARN_EMPTY_BODY = YES;
				CLANG_WARN_ENUM_CONVERSION = YES;
				CLANG_WARN_INFINITE_RECURSION = YES;
				CLANG_WARN_INT_CONVERSION = YES;
				CLANG_WARN_NON_LITERAL_NULL_CONVERSION = YES;
				CLANG_WARN_OBJC_IMPLICIT_RETAIN_SELF = YES;
				CLANG_WARN_OBJC_LITERAL_CONVERSION = YES;
				CLANG_WARN_OBJC_ROOT_CLASS = YES_ERROR;
				CLANG_WARN_RANGE_LOOP_ANALYSIS = YES;
				CLANG_WARN_STRICT_PROTOTYPES = YES;
				CLANG_WARN_SUSPICIOUS_MOVE = YES;
				CLANG_WARN_UNGUARDED_AVAILABILITY = YES_AGGRESSIVE;
				CLANG_WARN_UNREACHABLE_CODE = YES;
				CLANG_WARN__DUPLICATE_METHOD_MATCH = YES;
				CODE_SIGN_IDENTITY = "iPhone Developer";
				COPY_PHASE_STRIP = NO;
				DEBUG_INFORMATION_FORMAT = dwarf;
				ENABLE_STRICT_OBJC_MSGSEND = YES;
				ENABLE_TESTABILITY = YES;
				GCC_C_LANGUAGE_STANDARD = gnu11;
				GCC_DYNAMIC_NO_PIC = NO;
				GCC_NO_COMMON_BLOCKS = YES;
				GCC_OPTIMIZATION_LEVEL = 0;
				GCC_PREPROCESSOR_DEFINITIONS = (
					"DEBUG=1",
					"$(inherited)",
				);
				GCC_WARN_64_TO_32_BIT_CONVERSION = YES;
				GCC_WARN_ABOUT_RETURN_TYPE = YES_ERROR;
				GCC_WARN_UNDECLARED_SELECTOR = YES;
				GCC_WARN_UNINITIALIZED_AUTOS = YES_AGGRESSIVE;
				GCC_WARN_UNUSED_FUNCTION = YES;
				GCC_WARN_UNUSED_VARIABLE = YES;
				IPHONEOS_DEPLOYMENT_TARGET = 11.3;
				MTL_ENABLE_DEBUG_INFO = YES;
				ONLY_ACTIVE_ARCH = YES;
				SDKROOT = iphoneos;
				SWIFT_ACTIVE_COMPILATION_CONDITIONS = DEBUG;
				SWIFT_OPTIMIZATION_LEVEL = "-Onone";
			};
			name = Debug;
		};
		B1CA00AC20CF6A8F003E32A2 /* Release */ = {
			isa = XCBuildConfiguration;
			buildSettings = {
				ALWAYS_SEARCH_USER_PATHS = NO;
				CLANG_ANALYZER_NONNULL = YES;
				CLANG_ANALYZER_NUMBER_OBJECT_CONVERSION = YES_AGGRESSIVE;
				CLANG_CXX_LANGUAGE_STANDARD = "gnu++14";
				CLANG_CXX_LIBRARY = "libc++";
				CLANG_ENABLE_MODULES = YES;
				CLANG_ENABLE_OBJC_ARC = YES;
				CLANG_ENABLE_OBJC_WEAK = YES;
				CLANG_WARN_BLOCK_CAPTURE_AUTORELEASING = YES;
				CLANG_WARN_BOOL_CONVERSION = YES;
				CLANG_WARN_COMMA = YES;
				CLANG_WARN_CONSTANT_CONVERSION = YES;
				CLANG_WARN_DEPRECATED_OBJC_IMPLEMENTATIONS = YES;
				CLANG_WARN_DIRECT_OBJC_ISA_USAGE = YES_ERROR;
				CLANG_WARN_DOCUMENTATION_COMMENTS = YES;
				CLANG_WARN_EMPTY_BODY = YES;
				CLANG_WARN_ENUM_CONVERSION = YES;
				CLANG_WARN_INFINITE_RECURSION = YES;
				CLANG_WARN_INT_CONVERSION = YES;
				CLANG_WARN_NON_LITERAL_NULL_CONVERSION = YES;
				CLANG_WARN_OBJC_IMPLICIT_RETAIN_SELF = YES;
				CLANG_WARN_OBJC_LITERAL_CONVERSION = YES;
				CLANG_WARN_OBJC_ROOT_CLASS = YES_ERROR;
				CLANG_WARN_RANGE_LOOP_ANALYSIS = YES;
				CLANG_WARN_STRICT_PROTOTYPES = YES;
				CLANG_WARN_SUSPICIOUS_MOVE = YES;
				CLANG_WARN_UNGUARDED_AVAILABILITY = YES_AGGRESSIVE;
				CLANG_WARN_UNREACHABLE_CODE = YES;
				CLANG_WARN__DUPLICATE_METHOD_MATCH = YES;
				CODE_SIGN_IDENTITY = "iPhone Developer";
				COPY_PHASE_STRIP = NO;
				DEBUG_INFORMATION_FORMAT = "dwarf-with-dsym";
				ENABLE_NS_ASSERTIONS = NO;
				ENABLE_STRICT_OBJC_MSGSEND = YES;
				GCC_C_LANGUAGE_STANDARD = gnu11;
				GCC_NO_COMMON_BLOCKS = YES;
				GCC_WARN_64_TO_32_BIT_CONVERSION = YES;
				GCC_WARN_ABOUT_RETURN_TYPE = YES_ERROR;
				GCC_WARN_UNDECLARED_SELECTOR = YES;
				GCC_WARN_UNINITIALIZED_AUTOS = YES_AGGRESSIVE;
				GCC_WARN_UNUSED_FUNCTION = YES;
				GCC_WARN_UNUSED_VARIABLE = YES;
				IPHONEOS_DEPLOYMENT_TARGET = 11.3;
				MTL_ENABLE_DEBUG_INFO = NO;
				SDKROOT = iphoneos;
				SWIFT_COMPILATION_MODE = wholemodule;
				SWIFT_OPTIMIZATION_LEVEL = "-O";
				VALIDATE_PRODUCT = YES;
			};
			name = Release;
		};
		B1CA00AE20CF6A8F003E32A2 /* Debug */ = {
			isa = XCBuildConfiguration;
			buildSettings = {
				ASSETCATALOG_COMPILER_APPICON_NAME = AppIcon;
				CODE_SIGN_STYLE = Automatic;
				INFOPLIST_FILE = TableViewProject/Info.plist;
				LD_RUNPATH_SEARCH_PATHS = (
					"$(inherited)",
					"@executable_path/Frameworks",
				);
				PRODUCT_BUNDLE_IDENTIFIER = "n-a.TableViewProject";
				PRODUCT_NAME = "$(TARGET_NAME)";
				SWIFT_VERSION = 4.0;
				TARGETED_DEVICE_FAMILY = "1,2";
			};
			name = Debug;
		};
		B1CA00AF20CF6A8F003E32A2 /* Release */ = {
			isa = XCBuildConfiguration;
			buildSettings = {
				ASSETCATALOG_COMPILER_APPICON_NAME = AppIcon;
				CODE_SIGN_STYLE = Automatic;
				INFOPLIST_FILE = TableViewProject/Info.plist;
				LD_RUNPATH_SEARCH_PATHS = (
					"$(inherited)",
					"@executable_path/Frameworks",
				);
				PRODUCT_BUNDLE_IDENTIFIER = "n-a.TableViewProject";
				PRODUCT_NAME = "$(TARGET_NAME)";
				SWIFT_VERSION = 4.0;
				TARGETED_DEVICE_FAMILY = "1,2";
			};
			name = Release;
		};
		B1CA00B120CF6A8F003E32A2 /* Debug */ = {
			isa = XCBuildConfiguration;
			buildSettings = {
				ALWAYS_EMBED_SWIFT_STANDARD_LIBRARIES = YES;
				BUNDLE_LOADER = "$(TEST_HOST)";
				CODE_SIGN_STYLE = Automatic;
				INFOPLIST_FILE = TableViewProjectTests/Info.plist;
				LD_RUNPATH_SEARCH_PATHS = (
					"$(inherited)",
					"@executable_path/Frameworks",
					"@loader_path/Frameworks",
				);
				PRODUCT_BUNDLE_IDENTIFIER = "n-a.TableViewProjectTests";
				PRODUCT_NAME = "$(TARGET_NAME)";
				SWIFT_VERSION = 4.0;
				TARGETED_DEVICE_FAMILY = "1,2";
				TEST_HOST = "$(BUILT_PRODUCTS_DIR)/TableViewProject.app/TableViewProject";
			};
			name = Debug;
		};
		B1CA00B220CF6A8F003E32A2 /* Release */ = {
			isa = XCBuildConfiguration;
			buildSettings = {
				ALWAYS_EMBED_SWIFT_STANDARD_LIBRARIES = YES;
				BUNDLE_LOADER = "$(TEST_HOST)";
				CODE_SIGN_STYLE = Automatic;
				INFOPLIST_FILE = TableViewProjectTests/Info.plist;
				LD_RUNPATH_SEARCH_PATHS = (
					"$(inherited)",
					"@executable_path/Frameworks",
					"@loader_path/Frameworks",
				);
				PRODUCT_BUNDLE_IDENTIFIER = "n-a.TableViewProjectTests";
				PRODUCT_NAME = "$(TARGET_NAME)";
				SWIFT_VERSION = 4.0;
				TARGETED_DEVICE_FAMILY = "1,2";
				TEST_HOST = "$(BUILT_PRODUCTS_DIR)/TableViewProject.app/TableViewProject";
			};
			name = Release;
		};
		B1CA00B420CF6A8F003E32A2 /* Debug */ = {
			isa = XCBuildConfiguration;
			buildSettings = {
				ALWAYS_EMBED_SWIFT_STANDARD_LIBRARIES = YES;
				CODE_SIGN_STYLE = Automatic;
				INFOPLIST_FILE = TableViewProjectUITests/Info.plist;
				LD_RUNPATH_SEARCH_PATHS = (
					"$(inherited)",
					"@executable_path/Frameworks",
					"@loader_path/Frameworks",
				);
				PRODUCT_BUNDLE_IDENTIFIER = "n-a.TableViewProjectUITests";
				PRODUCT_NAME = "$(TARGET_NAME)";
				SWIFT_VERSION = 4.0;
				TARGETED_DEVICE_FAMILY = "1,2";
				TEST_TARGET_NAME = TableViewProject;
			};
			name = Debug;
		};
		B1CA00B520CF6A8F003E32A2 /* Release */ = {
			isa = XCBuildConfiguration;
			buildSettings = {
				ALWAYS_EMBED_SWIFT_STANDARD_LIBRARIES = YES;
				CODE_SIGN_STYLE = Automatic;
				INFOPLIST_FILE = TableViewProjectUITests/Info.plist;
				LD_RUNPATH_SEARCH_PATHS = (
					"$(inherited)",
					"@executable_path/Frameworks",
					"@loader_path/Frameworks",
				);
				PRODUCT_BUNDLE_IDENTIFIER = "n-a.TableViewProjectUITests";
				PRODUCT_NAME = "$(TARGET_NAME)";
				SWIFT_VERSION = 4.0;
				TARGETED_DEVICE_FAMILY = "1,2";
				TEST_TARGET_NAME = TableViewProject;
			};
			name = Release;
		};
/* End XCBuildConfiguration section */

/* Begin XCConfigurationList section */
		B1CA008020CF6A8D003E32A2 /* Build configuration list for PBXProject "TableViewProject" */ = {
			isa = XCConfigurationList;
			buildConfigurations = (
				B1CA00AB20CF6A8F003E32A2 /* Debug */,
				B1CA00AC20CF6A8F003E32A2 /* Release */,
			);
			defaultConfigurationIsVisible = 0;
			defaultConfigurationName = Release;
		};
		B1CA00AD20CF6A8F003E32A2 /* Build configuration list for PBXNativeTarget "TableViewProject" */ = {
			isa = XCConfigurationList;
			buildConfigurations = (
				B1CA00AE20CF6A8F003E32A2 /* Debug */,
				B1CA00AF20CF6A8F003E32A2 /* Release */,
			);
			defaultConfigurationIsVisible = 0;
			defaultConfigurationName = Release;
		};
		B1CA00B020CF6A8F003E32A2 /* Build configuration list for PBXNativeTarget "TableViewProjectTests" */ = {
			isa = XCConfigurationList;
			buildConfigurations = (
				B1CA00B120CF6A8F003E32A2 /* Debug */,
				B1CA00B220CF6A8F003E32A2 /* Release */,
			);
			defaultConfigurationIsVisible = 0;
			defaultConfigurationName = Release;
		};
		B1CA00B320CF6A8F003E32A2 /* Build configuration list for PBXNativeTarget "TableViewProjectUITests" */ = {
			isa = XCConfigurationList;
			buildConfigurations = (
				B1CA00B420CF6A8F003E32A2 /* Debug */,
				B1CA00B520CF6A8F003E32A2 /* Release */,
			);
			defaultConfigurationIsVisible = 0;
			defaultConfigurationName = Release;
		};
/* End XCConfigurationList section */
	};
	rootObject = B1CA007D20CF6A8D003E32A2 /* Project object */;
}
